
Microsoft Visual Studio Solution File, Format Version 12.00
# Visual Studio Version 17
VisualStudioVersion = 17.2.32505.173
MinimumVisualStudioVersion = 10.0.40219.1
Project("{FAE04EC0-301F-11D3-BF4B-00C04F79EFBC}") = "StudentManagement", "StudentManagement\StudentManagement.csproj", "{179661F9-0E33-4EEE-9303-B2536B8F7E82}"
EndProject
Global
	GlobalSection(SolutionConfigurationPlatforms) = preSolution
		Debug|Any CPU = Debug|Any CPU
		Release|Any CPU = Release|Any CPU
	EndGlobalSection
	GlobalSection(ProjectConfigurationPlatforms) = postSolution
		{179661F9-0E33-4EEE-9303-B2536B8F7E82}.Debug|Any CPU.ActiveCfg = Debug|Any CPU
		{179661F9-0E33-4EEE-9303-B2536B8F7E82}.Debug|Any CPU.Build.0 = Debug|Any CPU
		{179661F9-0E33-4EEE-9303-B2536B8F7E82}.Release|Any CPU.ActiveCfg = Release|Any CPU
		{179661F9-0E33-4EEE-9303-B2536B8F7E82}.Release|Any CPU.Build.0 = Release|Any CPU
	EndGlobalSection
	GlobalSection(SolutionProperties) = preSolution
		HideSolutionNode = FALSE
	EndGlobalSection
	GlobalSection(ExtensibilityGlobals) = postSolution
		SolutionGuid = {089994C7-8970-4BAE-9989-F9D426061045}
	EndGlobalSection
EndGlobal
